
Microsoft Visual Studio Solution File, Format Version 12.00
# Visual Studio Version 16
VisualStudioVersion = 16.0.30611.23
MinimumVisualStudioVersion = 10.0.40219.1
Project("{FAE04EC0-301F-11D3-BF4B-00C04F79EFBC}") = "DataPump", "DataPump\DataPump.csproj", "{B07B7D2F-2D3C-4EC9-B82C-3629D129F690}"
EndProject
Global
	GlobalSection(SolutionConfigurationPlatforms) = preSolution
		Debug|Any CPU = Debug|Any CPU
		Release|Any CPU = Release|Any CPU
	EndGlobalSection
	GlobalSection(ProjectConfigurationPlatforms) = postSolution
		{B07B7D2F-2D3C-4EC9-B82C-3629D129F690}.Debug|Any CPU.ActiveCfg = Debug|Any CPU
		{B07B7D2F-2D3C-4EC9-B82C-3629D129F690}.Debug|Any CPU.Build.0 = Debug|Any CPU
		{B07B7D2F-2D3C-4EC9-B82C-3629D129F690}.Release|Any CPU.ActiveCfg = Release|Any CPU
		{B07B7D2F-2D3C-4EC9-B82C-3629D129F690}.Release|Any CPU.Build.0 = Release|Any CPU
	EndGlobalSection
	GlobalSection(SolutionProperties) = preSolution
		HideSolutionNode = FALSE
	EndGlobalSection
	GlobalSection(ExtensibilityGlobals) = postSolution
		SolutionGuid = {CC386808-8B1E-45D3-B194-712DE8DFDAD4}
	EndGlobalSection
EndGlobal
